
Microsoft Visual Studio Solution File, Format Version 12.00
# Visual Studio Version 17
VisualStudioVersion = 17.14.36310.24 d17.14
MinimumVisualStudioVersion = 10.0.40219.1
Project("{8BC9CEB8-8B4A-11D0-8D11-00A0C91BC942}") = "Graph", "Graph.vcxproj", "{0AD84F23-93D6-4413-BFE1-F4F416449A06}"
EndProject
Global
	GlobalSection(SolutionConfigurationPlatforms) = preSolution
		Debug|x64 = Debug|x64
		Debug|x86 = Debug|x86
		Release|x64 = Release|x64
		Release|x86 = Release|x86
	EndGlobalSection
	GlobalSection(ProjectConfigurationPlatforms) = postSolution
		{0AD84F23-93D6-4413-BFE1-F4F416449A06}.Debug|x64.ActiveCfg = Debug|x64
		{0AD84F23-93D6-4413-BFE1-F4F416449A06}.Debug|x64.Build.0 = Debug|x64
		{0AD84F23-93D6-4413-BFE1-F4F416449A06}.Debug|x86.ActiveCfg = Debug|Win32
		{0AD84F23-93D6-4413-BFE1-F4F416449A06}.Debug|x86.Build.0 = Debug|Win32
		{0AD84F23-93D6-4413-BFE1-F4F416449A06}.Release|x64.ActiveCfg = Release|x64
		{0AD84F23-93D6-4413-BFE1-F4F416449A06}.Release|x64.Build.0 = Release|x64
		{0AD84F23-93D6-4413-BFE1-F4F416449A06}.Release|x86.ActiveCfg = Release|Win32
		{0AD84F23-93D6-4413-BFE1-F4F416449A06}.Release|x86.Build.0 = Release|Win32
	EndGlobalSection
	GlobalSection(SolutionProperties) = preSolution
		HideSolutionNode = FALSE
	EndGlobalSection
	GlobalSection(ExtensibilityGlobals) = postSolution
		SolutionGuid = {27302FD4-CC98-44C1-BAEA-1EAC8939670C}
	EndGlobalSection
EndGlobal
